// !$*UTF8*$!
{
	archiveVersion = 1;
	classes = {
	};
	objectVersion = 46;
	objects = {

/* Begin PBXBuildFile section */
		7F223A201DA8D076009662ED /* AppDelegate.swift in Sources */ = {isa = PBXBuildFile; fileRef = 7F223A1F1DA8D076009662ED /* AppDelegate.swift */; };
		7F223A221DA8D076009662ED /* ViewController.swift in Sources */ = {isa = PBXBuildFile; fileRef = 7F223A211DA8D076009662ED /* ViewController.swift */; };
		7F223A251DA8D076009662ED /* Main.storyboard in Resources */ = {isa = PBXBuildFile; fileRef = 7F223A231DA8D076009662ED /* Main.storyboard */; };
		7F223A271DA8D076009662ED /* Assets.xcassets in Resources */ = {isa = PBXBuildFile; fileRef = 7F223A261DA8D076009662ED /* Assets.xcassets */; };
		7F223A2A1DA8D076009662ED /* LaunchScreen.storyboard in Resources */ = {isa = PBXBuildFile; fileRef = 7F223A281DA8D076009662ED /* LaunchScreen.storyboard */; };
		7F223A351DA8D076009662ED /* GitTestTests.swift in Sources */ = {isa = PBXBuildFile; fileRef = 7F223A341DA8D076009662ED /* GitTestTests.swift */; };
		7F223A401DA8D076009662ED /* GitTestUITests.swift in Sources */ = {isa = PBXBuildFile; fileRef = 7F223A3F1DA8D076009662ED /* GitTestUITests.swift */; };
/* End PBXBuildFile section */

/* Begin PBXContainerItemProxy section */
		7F223A311DA8D076009662ED /* PBXContainerItemProxy */ = {
			isa = PBXContainerItemProxy;
			containerPortal = 7F223A141DA8D076009662ED /* Project object */;
			proxyType = 1;
			remoteGlobalIDString = 7F223A1B1DA8D076009662ED;
			remoteInfo = GitTest;
		};
		7F223A3C1DA8D076009662ED /* PBXContainerItemProxy */ = {
			isa = PBXContainerItemProxy;
			containerPortal = 7F223A141DA8D076009662ED /* Project object */;
			proxyType = 1;
			remoteGlobalIDString = 7F223A1B1DA8D076009662ED;
			remoteInfo = GitTest;
		};
/* End PBXContainerItemProxy section */

/* Begin PBXFileReference section */
		7F223A1C1DA8D076009662ED /* GitTest.app */ = {isa = PBXFileReference; explicitFileType = wrapper.application; includeInIndex = 0; path = GitTest.app; sourceTree = BUILT_PRODUCTS_DIR; };
		7F223A1F1DA8D076009662ED /* AppDelegate.swift */ = {isa = PBXFileReference; lastKnownFileType = sourcecode.swift; path = AppDelegate.swift; sourceTree = "<group>"; };
		7F223A211DA8D076009662ED /* ViewController.swift */ = {isa = PBXFileReference; lastKnownFileType = sourcecode.swift; path = ViewController.swift; sourceTree = "<group>"; };
		7F223A241DA8D076009662ED /* Base */ = {isa = PBXFileReference; lastKnownFileType = file.storyboard; name = Base; path = Base.lproj/Main.storyboard; sourceTree = "<group>"; };
		7F223A261DA8D076009662ED /* Assets.xcassets */ = {isa = PBXFileReference; lastKnownFileType = folder.assetcatalog; path = Assets.xcassets; sourceTree = "<group>"; };
		7F223A291DA8D076009662ED /* Base */ = {isa = PBXFileReference; lastKnownFileType = file.storyboard; name = Base; path = Base.lproj/LaunchScreen.storyboard; sourceTree = "<group>"; };
		7F223A2B1DA8D076009662ED /* Info.plist */ = {isa = PBXFileReference; lastKnownFileType = text.plist.xml; path = Info.plist; sourceTree = "<group>"; };
		7F223A301DA8D076009662ED /* GitTestTests.xctest */ = {isa = PBXFileReference; explicitFileType = wrapper.cfbundle; includeInIndex = 0; path = GitTestTests.xctest; sourceTree = BUILT_PRODUCTS_DIR; };
		7F223A341DA8D076009662ED /* GitTestTests.swift */ = {isa = PBXFileReference; lastKnownFileType = sourcecode.swift; path = GitTestTests.swift; sourceTree = "<group>"; };
		7F223A361DA8D076009662ED /* Info.plist */ = {isa = PBXFileReference; lastKnownFileType = text.plist.xml; path = Info.plist; sourceTree = "<group>"; };
		7F223A3B1DA8D076009662ED /* GitTestUITests.xctest */ = {isa = PBXFileReference; explicitFileType = wrapper.cfbundle; includeInIndex = 0; path = GitTestUITests.xctest; sourceTree = BUILT_PRODUCTS_DIR; };
		7F223A3F1DA8D076009662ED /* GitTestUITests.swift */ = {isa = PBXFileReference; lastKnownFileType = sourcecode.swift; path = GitTestUITests.swift; sourceTree = "<group>"; };
		7F223A411DA8D076009662ED /* Info.plist */ = {isa = PBXFileReference; lastKnownFileType = text.plist.xml; path = Info.plist; sourceTree = "<group>"; };
/* End PBXFileReference section */

/* Begin PBXFrameworksBuildPhase section */
		7F223A191DA8D076009662ED /* Frameworks */ = {
			isa = PBXFrameworksBuildPhase;
			buildActionMask = 2147483647;
			files = (
			);
			runOnlyForDeploymentPostprocessing = 0;
		};
		7F223A2D1DA8D076009662ED /* Frameworks */ = {
			isa = PBXFrameworksBuildPhase;
			buildActionMask = 2147483647;
			files = (
			);
			runOnlyForDeploymentPostprocessing = 0;
		};
		7F223A381DA8D076009662ED /* Frameworks */ = {
			isa = PBXFrameworksBuildPhase;
			buildActionMask = 2147483647;
			files = (
			);
			runOnlyForDeploymentPostprocessing = 0;
		};
/* End PBXFrameworksBuildPhase section */

/* Begin PBXGroup section */
		7F223A131DA8D076009662ED = {
			isa = PBXGroup;
			children = (
				7F223A1E1DA8D076009662ED /* GitTest */,
				7F223A331DA8D076009662ED /* GitTestTests */,
				7F223A3E1DA8D076009662ED /* GitTestUITests */,
				7F223A1D1DA8D076009662ED /* Products */,
			);
			sourceTree = "<group>";
		};
		7F223A1D1DA8D076009662ED /* Products */ = {
			isa = PBXGroup;
			children = (
				7F223A1C1DA8D076009662ED /* GitTest.app */,
				7F223A301DA8D076009662ED /* GitTestTests.xctest */,
				7F223A3B1DA8D076009662ED /* GitTestUITests.xctest */,
			);
			name = Products;
			sourceTree = "<group>";
		};
		7F223A1E1DA8D076009662ED /* GitTest */ = {
			isa = PBXGroup;
			children = (
				7F223A1F1DA8D076009662ED /* AppDelegate.swift */,
				7F223A211DA8D076009662ED /* ViewController.swift */,
				7F223A231DA8D076009662ED /* Main.storyboard */,
				7F223A261DA8D076009662ED /* Assets.xcassets */,
				7F223A281DA8D076009662ED /* LaunchScreen.storyboard */,
				7F223A2B1DA8D076009662ED /* Info.plist */,
			);
			path = GitTest;
			sourceTree = "<group>";
		};
		7F223A331DA8D076009662ED /* GitTestTests */ = {
			isa = PBXGroup;
			children = (
				7F223A341DA8D076009662ED /* GitTestTests.swift */,
				7F223A361DA8D076009662ED /* Info.plist */,
			);
			path = GitTestTests;
			sourceTree = "<group>";
		};
		7F223A3E1DA8D076009662ED /* GitTestUITests */ = {
			isa = PBXGroup;
			children = (
				7F223A3F1DA8D076009662ED /* GitTestUITests.swift */,
				7F223A411DA8D076009662ED /* Info.plist */,
			);
			path = GitTestUITests;
			sourceTree = "<group>";
		};
/* End PBXGroup section */

/* Begin PBXNativeTarget section */
		7F223A1B1DA8D076009662ED /* GitTest */ = {
			isa = PBXNativeTarget;
			buildConfigurationList = 7F223A441DA8D076009662ED /* Build configuration list for PBXNativeTarget "GitTest" */;
			buildPhases = (
				7F223A181DA8D076009662ED /* Sources */,
				7F223A191DA8D076009662ED /* Frameworks */,
				7F223A1A1DA8D076009662ED /* Resources */,
			);
			buildRules = (
			);
			dependencies = (
			);
			name = GitTest;
			productName = GitTest;
			productReference = 7F223A1C1DA8D076009662ED /* GitTest.app */;
			productType = "com.apple.product-type.application";
		};
		7F223A2F1DA8D076009662ED /* GitTestTests */ = {
			isa = PBXNativeTarget;
			buildConfigurationList = 7F223A471DA8D076009662ED /* Build configuration list for PBXNativeTarget "GitTestTests" */;
			buildPhases = (
				7F223A2C1DA8D076009662ED /* Sources */,
				7F223A2D1DA8D076009662ED /* Frameworks */,
				7F223A2E1DA8D076009662ED /* Resources */,
			);
			buildRules = (
			);
			dependencies = (
				7F223A321DA8D076009662ED /* PBXTargetDependency */,
			);
			name = GitTestTests;
			productName = GitTestTests;
			productReference = 7F223A301DA8D076009662ED /* GitTestTests.xctest */;
			productType = "com.apple.product-type.bundle.unit-test";
		};
		7F223A3A1DA8D076009662ED /* GitTestUITests */ = {
			isa = PBXNativeTarget;
			buildConfigurationList = 7F223A4A1DA8D076009662ED /* Build configuration list for PBXNativeTarget "GitTestUITests" */;
			buildPhases = (
				7F223A371DA8D076009662ED /* Sources */,
				7F223A381DA8D076009662ED /* Frameworks */,
				7F223A391DA8D076009662ED /* Resources */,
			);
			buildRules = (
			);
			dependencies = (
				7F223A3D1DA8D076009662ED /* PBXTargetDependency */,
			);
			name = GitTestUITests;
			productName = GitTestUITests;
			productReference = 7F223A3B1DA8D076009662ED /* GitTestUITests.xctest */;
			productType = "com.apple.product-type.bundle.ui-testing";
		};
/* End PBXNativeTarget section */

/* Begin PBXProject section */
		7F223A141DA8D076009662ED /* Project object */ = {
			isa = PBXProject;
			attributes = {
				LastSwiftUpdateCheck = 0800;
				LastUpgradeCheck = 0800;
				ORGANIZATIONNAME = "酒井恭平";
				TargetAttributes = {
					7F223A1B1DA8D076009662ED = {
						CreatedOnToolsVersion = 8.0;
						DevelopmentTeam = L92T6S2ZF8;
						ProvisioningStyle = Automatic;
					};
					7F223A2F1DA8D076009662ED = {
						CreatedOnToolsVersion = 8.0;
						DevelopmentTeam = L92T6S2ZF8;
						ProvisioningStyle = Automatic;
						TestTargetID = 7F223A1B1DA8D076009662ED;
					};
					7F223A3A1DA8D076009662ED = {
						CreatedOnToolsVersion = 8.0;
						DevelopmentTeam = L92T6S2ZF8;
						ProvisioningStyle = Automatic;
						TestTargetID = 7F223A1B1DA8D076009662ED;
					};
				};
			};
			buildConfigurationList = 7F223A171DA8D076009662ED /* Build configuration list for PBXProject "GitTest" */;
			compatibilityVersion = "Xcode 3.2";
			developmentRegion = English;
			hasScannedForEncodings = 0;
			knownRegions = (
				en,
				Base,
			);
			mainGroup = 7F223A131DA8D076009662ED;
			productRefGroup = 7F223A1D1DA8D076009662ED /* Products */;
			projectDirPath = "";
			projectRoot = "";
			targets = (
				7F223A1B1DA8D076009662ED /* GitTest */,
				7F223A2F1DA8D076009662ED /* GitTestTests */,
				7F223A3A1DA8D076009662ED /* GitTestUITests */,
			);
		};
/* End PBXProject section */

/* Begin PBXResourcesBuildPhase section */
		7F223A1A1DA8D076009662ED /* Resources */ = {
			isa = PBXResourcesBuildPhase;
			buildActionMask = 2147483647;
			files = (
				7F223A2A1DA8D076009662ED /* LaunchScreen.storyboard in Resources */,
				7F223A271DA8D076009662ED /* Assets.xcassets in Resources */,
				7F223A251DA8D076009662ED /* Main.storyboard in Resources */,
			);
			runOnlyForDeploymentPostprocessing = 0;
		};
		7F223A2E1DA8D076009662ED /* Resources */ = {
			isa = PBXResourcesBuildPhase;
			buildActionMask = 2147483647;
			files = (
			);
			runOnlyForDeploymentPostprocessing = 0;
		};
		7F223A391DA8D076009662ED /* Resources */ = {
			isa = PBXResourcesBuildPhase;
			buildActionMask = 2147483647;
			files = (
			);
			runOnlyForDeploymentPostprocessing = 0;
		};
/* End PBXResourcesBuildPhase section */

/* Begin PBXSourcesBuildPhase section */
		7F223A181DA8D076009662ED /* Sources */ = {
			isa = PBXSourcesBuildPhase;
			buildActionMask = 2147483647;
			files = (
				7F223A221DA8D076009662ED /* ViewController.swift in Sources */,
				7F223A201DA8D076009662ED /* AppDelegate.swift in Sources */,
			);
			runOnlyForDeploymentPostprocessing = 0;
		};
		7F223A2C1DA8D076009662ED /* Sources */ = {
			isa = PBXSourcesBuildPhase;
			buildActionMask = 2147483647;
			files = (
				7F223A351DA8D076009662ED /* GitTestTests.swift in Sources */,
			);
			runOnlyForDeploymentPostprocessing = 0;
		};
		7F223A371DA8D076009662ED /* Sources */ = {
			isa = PBXSourcesBuildPhase;
			buildActionMask = 2147483647;
			files = (
				7F223A401DA8D076009662ED /* GitTestUITests.swift in Sources */,
			);
			runOnlyForDeploymentPostprocessing = 0;
		};
/* End PBXSourcesBuildPhase section */

/* Begin PBXTargetDependency section */
		7F223A321DA8D076009662ED /* PBXTargetDependency */ = {
			isa = PBXTargetDependency;
			target = 7F223A1B1DA8D076009662ED /* GitTest */;
			targetProxy = 7F223A311DA8D076009662ED /* PBXContainerItemProxy */;
		};
		7F223A3D1DA8D076009662ED /* PBXTargetDependency */ = {
			isa = PBXTargetDependency;
			target = 7F223A1B1DA8D076009662ED /* GitTest */;
			targetProxy = 7F223A3C1DA8D076009662ED /* PBXContainerItemProxy */;
		};
/* End PBXTargetDependency section */

/* Begin PBXVariantGroup section */
		7F223A231DA8D076009662ED /* Main.storyboard */ = {
			isa = PBXVariantGroup;
			children = (
				7F223A241DA8D076009662ED /* Base */,
			);
			name = Main.storyboard;
			sourceTree = "<group>";
		};
		7F223A281DA8D076009662ED /* LaunchScreen.storyboard */ = {
			isa = PBXVariantGroup;
			children = (
				7F223A291DA8D076009662ED /* Base */,
			);
			name = LaunchScreen.storyboard;
			sourceTree = "<group>";
		};
/* End PBXVariantGroup section */

/* Begin XCBuildConfiguration section */
		7F223A421DA8D076009662ED /* Debug */ = {
			isa = XCBuildConfiguration;
			buildSettings = {
				ALWAYS_SEARCH_USER_PATHS = NO;
				CLANG_ANALYZER_NONNULL = YES;
				CLANG_CXX_LANGUAGE_STANDARD = "gnu++0x";
				CLANG_CXX_LIBRARY = "libc++";
				CLANG_ENABLE_MODULES = YES;
				CLANG_ENABLE_OBJC_ARC = YES;
				CLANG_WARN_BOOL_CONVERSION = YES;
				CLANG_WARN_CONSTANT_CONVERSION = YES;
				CLANG_WARN_DIRECT_OBJC_ISA_USAGE = YES_ERROR;
				CLANG_WARN_DOCUMENTATION_COMMENTS = YES;
				CLANG_WARN_EMPTY_BODY = YES;
				CLANG_WARN_ENUM_CONVERSION = YES;
				CLANG_WARN_INFINITE_RECURSION = YES;
				CLANG_WARN_INT_CONVERSION = YES;
				CLANG_WARN_OBJC_ROOT_CLASS = YES_ERROR;
				CLANG_WARN_SUSPICIOUS_MOVES = YES;
				CLANG_WARN_UNREACHABLE_CODE = YES;
				CLANG_WARN__DUPLICATE_METHOD_MATCH = YES;
				"CODE_SIGN_IDENTITY[sdk=iphoneos*]" = "iPhone Developer";
				COPY_PHASE_STRIP = NO;
				DEBUG_INFORMATION_FORMAT = dwarf;
				ENABLE_STRICT_OBJC_MSGSEND = YES;
				ENABLE_TESTABILITY = YES;
				GCC_C_LANGUAGE_STANDARD = gnu99;
				GCC_DYNAMIC_NO_PIC = NO;
				GCC_NO_COMMON_BLOCKS = YES;
				GCC_OPTIMIZATION_LEVEL = 0;
				GCC_PREPROCESSOR_DEFINITIONS = (
					"DEBUG=1",
					"$(inherited)",
				);
				GCC_WARN_64_TO_32_BIT_CONVERSION = YES;
				GCC_WARN_ABOUT_RETURN_TYPE = YES_ERROR;
				GCC_WARN_UNDECLARED_SELECTOR = YES;
				GCC_WARN_UNINITIALIZED_AUTOS = YES_AGGRESSIVE;
				GCC_WARN_UNUSED_FUNCTION = YES;
				GCC_WARN_UNUSED_VARIABLE = YES;
				IPHONEOS_DEPLOYMENT_TARGET = 10.0;
				MTL_ENABLE_DEBUG_INFO = YES;
				ONLY_ACTIVE_ARCH = YES;
				SDKROOT = iphoneos;
				SWIFT_ACTIVE_COMPILATION_CONDITIONS = DEBUG;
				SWIFT_OPTIMIZATION_LEVEL = "-Onone";
			};
			name = Debug;
		};
		7F223A431DA8D076009662ED /* Release */ = {
			isa = XCBuildConfiguration;
			buildSettings = {
				ALWAYS_SEARCH_USER_PATHS = NO;
				CLANG_ANALYZER_NONNULL = YES;
				CLANG_CXX_LANGUAGE_STANDARD = "gnu++0x";
				CLANG_CXX_LIBRARY = "libc++";
				CLANG_ENABLE_MODULES = YES;
				CLANG_ENABLE_OBJC_ARC = YES;
				CLANG_WARN_BOOL_CONVERSION = YES;
				CLANG_WARN_CONSTANT_CONVERSION = YES;
				CLANG_WARN_DIRECT_OBJC_ISA_USAGE = YES_ERROR;
				CLANG_WARN_DOCUMENTATION_COMMENTS = YES;
				CLANG_WARN_EMPTY_BODY = YES;
				CLANG_WARN_ENUM_CONVERSION = YES;
				CLANG_WARN_INFINITE_RECURSION = YES;
				CLANG_WARN_INT_CONVERSION = YES;
				CLANG_WARN_OBJC_ROOT_CLASS = YES_ERROR;
				CLANG_WARN_SUSPICIOUS_MOVES = YES;
				CLANG_WARN_UNREACHABLE_CODE = YES;
				CLANG_WARN__DUPLICATE_METHOD_MATCH = YES;
				"CODE_SIGN_IDENTITY[sdk=iphoneos*]" = "iPhone Developer";
				COPY_PHASE_STRIP = NO;
				DEBUG_INFORMATION_FORMAT = "dwarf-with-dsym";
				ENABLE_NS_ASSERTIONS = NO;
				ENABLE_STRICT_OBJC_MSGSEND = YES;
				GCC_C_LANGUAGE_STANDARD = gnu99;
				GCC_NO_COMMON_BLOCKS = YES;
				GCC_WARN_64_TO_32_BIT_CONVERSION = YES;
				GCC_WARN_ABOUT_RETURN_TYPE = YES_ERROR;
				GCC_WARN_UNDECLARED_SELECTOR = YES;
				GCC_WARN_UNINITIALIZED_AUTOS = YES_AGGRESSIVE;
				GCC_WARN_UNUSED_FUNCTION = YES;
				GCC_WARN_UNUSED_VARIABLE = YES;
				IPHONEOS_DEPLOYMENT_TARGET = 10.0;
				MTL_ENABLE_DEBUG_INFO = NO;
				SDKROOT = iphoneos;
				SWIFT_OPTIMIZATION_LEVEL = "-Owholemodule";
				VALIDATE_PRODUCT = YES;
			};
			name = Release;
		};
		7F223A451DA8D076009662ED /* Debug */ = {
			isa = XCBuildConfiguration;
			buildSettings = {
				ASSETCATALOG_COMPILER_APPICON_NAME = AppIcon;
				DEVELOPMENT_TEAM = L92T6S2ZF8;
				INFOPLIST_FILE = GitTest/Info.plist;
				LD_RUNPATH_SEARCH_PATHS = "$(inherited) @executable_path/Frameworks";
				PRODUCT_BUNDLE_IDENTIFIER = kyohei.GitTest;
				PRODUCT_NAME = "$(TARGET_NAME)";
				SWIFT_VERSION = 3.0;
			};
			name = Debug;
		};
		7F223A461DA8D076009662ED /* Release */ = {
			isa = XCBuildConfiguration;
			buildSettings = {
				ASSETCATALOG_COMPILER_APPICON_NAME = AppIcon;
				DEVELOPMENT_TEAM = L92T6S2ZF8;
				INFOPLIST_FILE = GitTest/Info.plist;
				LD_RUNPATH_SEARCH_PATHS = "$(inherited) @executable_path/Frameworks";
				PRODUCT_BUNDLE_IDENTIFIER = kyohei.GitTest;
				PRODUCT_NAME = "$(TARGET_NAME)";
				SWIFT_VERSION = 3.0;
			};
			name = Release;
		};
		7F223A481DA8D076009662ED /* Debug */ = {
			isa = XCBuildConfiguration;
			buildSettings = {
				ALWAYS_EMBED_SWIFT_STANDARD_LIBRARIES = YES;
				BUNDLE_LOADER = "$(TEST_HOST)";
				DEVELOPMENT_TEAM = L92T6S2ZF8;
				INFOPLIST_FILE = GitTestTests/Info.plist;
				LD_RUNPATH_SEARCH_PATHS = "$(inherited) @executable_path/Frameworks @loader_path/Frameworks";
				PRODUCT_BUNDLE_IDENTIFIER = kyohei.GitTestTests;
				PRODUCT_NAME = "$(TARGET_NAME)";
				SWIFT_VERSION = 3.0;
				TEST_HOST = "$(BUILT_PRODUCTS_DIR)/GitTest.app/GitTest";
			};
			name = Debug;
		};
		7F223A491DA8D076009662ED /* Release */ = {
			isa = XCBuildConfiguration;
			buildSettings = {
				ALWAYS_EMBED_SWIFT_STANDARD_LIBRARIES = YES;
				BUNDLE_LOADER = "$(TEST_HOST)";
				DEVELOPMENT_TEAM = L92T6S2ZF8;
				INFOPLIST_FILE = GitTestTests/Info.plist;
				LD_RUNPATH_SEARCH_PATHS = "$(inherited) @executable_path/Frameworks @loader_path/Frameworks";
				PRODUCT_BUNDLE_IDENTIFIER = kyohei.GitTestTests;
				PRODUCT_NAME = "$(TARGET_NAME)";
				SWIFT_VERSION = 3.0;
				TEST_HOST = "$(BUILT_PRODUCTS_DIR)/GitTest.app/GitTest";
			};
			name = Release;
		};
		7F223A4B1DA8D076009662ED /* Debug */ = {
			isa = XCBuildConfiguration;
			buildSettings = {
				ALWAYS_EMBED_SWIFT_STANDARD_LIBRARIES = YES;
				DEVELOPMENT_TEAM = L92T6S2ZF8;
				INFOPLIST_FILE = GitTestUITests/Info.plist;
				LD_RUNPATH_SEARCH_PATHS = "$(inherited) @executable_path/Frameworks @loader_path/Frameworks";
				PRODUCT_BUNDLE_IDENTIFIER = kyohei.GitTestUITests;
				PRODUCT_NAME = "$(TARGET_NAME)";
				SWIFT_VERSION = 3.0;
				TEST_TARGET_NAME = GitTest;
			};
			name = Debug;
		};
		7F223A4C1DA8D076009662ED /* Release */ = {
			isa = XCBuildConfiguration;
			buildSettings = {
				ALWAYS_EMBED_SWIFT_STANDARD_LIBRARIES = YES;
				DEVELOPMENT_TEAM = L92T6S2ZF8;
				INFOPLIST_FILE = GitTestUITests/Info.plist;
				LD_RUNPATH_SEARCH_PATHS = "$(inherited) @executable_path/Frameworks @loader_path/Frameworks";
				PRODUCT_BUNDLE_IDENTIFIER = kyohei.GitTestUITests;
				PRODUCT_NAME = "$(TARGET_NAME)";
				SWIFT_VERSION = 3.0;
				TEST_TARGET_NAME = GitTest;
			};
			name = Release;
		};
/* End XCBuildConfiguration section */

/* Begin XCConfigurationList section */
		7F223A171DA8D076009662ED /* Build configuration list for PBXProject "GitTest" */ = {
			isa = XCConfigurationList;
			buildConfigurations = (
				7F223A421DA8D076009662ED /* Debug */,
				7F223A431DA8D076009662ED /* Release */,
			);
			defaultConfigurationIsVisible = 0;
			defaultConfigurationName = Release;
		};
		7F223A441DA8D076009662ED /* Build configuration list for PBXNativeTarget "GitTest" */ = {
			isa = XCConfigurationList;
			buildConfigurations = (
				7F223A451DA8D076009662ED /* Debug */,
				7F223A461DA8D076009662ED /* Release */,
			);
			defaultConfigurationIsVisible = 0;
		};
		7F223A471DA8D076009662ED /* Build configuration list for PBXNativeTarget "GitTestTests" */ = {
			isa = XCConfigurationList;
			buildConfigurations = (
				7F223A481DA8D076009662ED /* Debug */,
				7F223A491DA8D076009662ED /* Release */,
			);
			defaultConfigurationIsVisible = 0;
		};
		7F223A4A1DA8D076009662ED /* Build configuration list for PBXNativeTarget "GitTestUITests" */ = {
			isa = XCConfigurationList;
			buildConfigurations = (
				7F223A4B1DA8D076009662ED /* Debug */,
				7F223A4C1DA8D076009662ED /* Release */,
			);
			defaultConfigurationIsVisible = 0;
		};
/* End XCConfigurationList section */
	};
	rootObject = 7F223A141DA8D076009662ED /* Project object */;
}
